{
  "nodes": {
    "flake-utils": {
      "locked": {
        "lastModified": 1678901627,
        "narHash": "sha256-U02riOqrKKzwjsxc/400XnElV+UtPUQWpANPlyazjH0=",
        "owner": "numtide",
        "repo": "flake-utils",
        "rev": "93a2b84fc4b70d9e089d029deacc3583435c2ed6",
        "type": "github"
      },
      "original": {
        "owner": "numtide",
        "repo": "flake-utils",
        "type": "github"
      }
    },
    "flake-utils_2": {
      "locked": {
        "lastModified": 1678901627,
        "narHash": "sha256-U02riOqrKKzwjsxc/400XnElV+UtPUQWpANPlyazjH0=",
        "owner": "numtide",
        "repo": "flake-utils",
        "rev": "93a2b84fc4b70d9e089d029deacc3583435c2ed6",
        "type": "github"
      },
      "original": {
        "owner": "numtide",
        "repo": "flake-utils",
        "type": "github"
      }
    },
    "nixpkgs": {
      "locked": {
        "lastModified": 1679835697,
        "narHash": "sha256-lnJ+CyQLl9dR/bNUkn85URN4fPAETa24a+vHA9r8o1I=",
        "owner": "nixos",
        "repo": "nixpkgs",
        "rev": "88bae40ebdbda151c04004bc298f7c24542de4f5",
        "type": "github"
      },
      "original": {
        "owner": "nixos",
        "repo": "nixpkgs",
        "type": "github"
      }
    },
    "nixpkgs_2": {
      "locked": {
        "lastModified": 1679835697,
        "narHash": "sha256-lnJ+CyQLl9dR/bNUkn85URN4fPAETa24a+vHA9r8o1I=",
        "owner": "nixos",
        "repo": "nixpkgs",
        "rev": "88bae40ebdbda151c04004bc298f7c24542de4f5",
        "type": "github"
      },
      "original": {
        "owner": "nixos",
        "repo": "nixpkgs",
        "type": "github"
      }
    },
    "root": {
      "inputs": {
        "flake-utils": "flake-utils",
        "nixpkgs": "nixpkgs",
        "rp2040": "rp2040"
      }
    },
    "rp2040": {
      "inputs": {
        "flake-utils": "flake-utils_2",
        "nixpkgs": "nixpkgs_2"
      },
      "locked": {
        "lastModified": 1679836215,
        "narHash": "sha256-Rk1F3hq3Ki7L9MSqqI60vvgGWgX9t1WRu3etG87TXk8=",
        "owner": "paperdev-code",
        "repo": "rp2040-flake",
        "rev": "188077528284e58917370d7424fc4a314744a970",
        "type": "github"
      },
      "original": {
        "owner": "paperdev-code",
        "repo": "rp2040-flake",
        "type": "github"
      }
    }
  },
  "root": "root",
  "version": 7
}
