{
  "nodes": {
    "flake-utils": {
      "locked": {
        "lastModified": 1678901627,
        "narHash": "sha256-U02riOqrKKzwjsxc/400XnElV+UtPUQWpANPlyazjH0=",
        "owner": "numtide",
        "repo": "flake-utils",
        "rev": "93a2b84fc4b70d9e089d029deacc3583435c2ed6",
        "type": "github"
      },
      "original": {
        "owner": "numtide",
        "repo": "flake-utils",
        "type": "github"
      }
    },
    "flake-utils_2": {
      "locked": {
        "lastModified": 1678901627,
        "narHash": "sha256-U02riOqrKKzwjsxc/400XnElV+UtPUQWpANPlyazjH0=",
        "owner": "numtide",
        "repo": "flake-utils",
        "rev": "93a2b84fc4b70d9e089d029deacc3583435c2ed6",
        "type": "github"
      },
      "original": {
        "owner": "numtide",
        "repo": "flake-utils",
        "type": "github"
      }
    },
    "nixpkgs": {
      "locked": {
        "lastModified": 1679837617,
        "narHash": "sha256-cNnQlWTJVfxlyMIFH6lRXGmT1COPdIRcwygi9umuLLU=",
        "owner": "nixos",
        "repo": "nixpkgs",
        "rev": "e52656160d00dd2dda646b1331aa267f66c8a4fd",
        "type": "github"
      },
      "original": {
        "owner": "nixos",
        "repo": "nixpkgs",
        "type": "github"
      }
    },
    "nixpkgs_2": {
      "locked": {
        "lastModified": 1679837508,
        "narHash": "sha256-7i9uVPvDJF5cPbu2mZWKKVF4iYyDy8OalTIOujnk65g=",
        "owner": "nixos",
        "repo": "nixpkgs",
        "rev": "0aae5fcb542f44cf9a94f6f4a31e52c03ebc5fb9",
        "type": "github"
      },
      "original": {
        "owner": "nixos",
        "repo": "nixpkgs",
        "type": "github"
      }
    },
    "root": {
      "inputs": {
        "flake-utils": "flake-utils",
        "nixpkgs": "nixpkgs",
        "rp2040": "rp2040"
      }
    },
    "rp2040": {
      "inputs": {
        "flake-utils": "flake-utils_2",
        "nixpkgs": "nixpkgs_2"
      },
      "locked": {
        "lastModified": 1679837638,
        "narHash": "sha256-uGGqrrfMt+t1YrOhpkWTWY7Vg60qX5JjXPLF09KtXhU=",
        "owner": "paperdev-code",
        "repo": "rp2040-flake",
        "rev": "9b38eb6ecb84ababd05b29f95b547ef0ebf7e491",
        "type": "github"
      },
      "original": {
        "owner": "paperdev-code",
        "repo": "rp2040-flake",
        "type": "github"
      }
    }
  },
  "root": "root",
  "version": 7
}
