{
  "nodes": {
    "flake-utils": {
      "locked": {
        "lastModified": 1678901627,
        "narHash": "sha256-U02riOqrKKzwjsxc/400XnElV+UtPUQWpANPlyazjH0=",
        "owner": "numtide",
        "repo": "flake-utils",
        "rev": "93a2b84fc4b70d9e089d029deacc3583435c2ed6",
        "type": "github"
      },
      "original": {
        "owner": "numtide",
        "repo": "flake-utils",
        "type": "github"
      }
    },
    "flake-utils_2": {
      "locked": {
        "lastModified": 1678901627,
        "narHash": "sha256-U02riOqrKKzwjsxc/400XnElV+UtPUQWpANPlyazjH0=",
        "owner": "numtide",
        "repo": "flake-utils",
        "rev": "93a2b84fc4b70d9e089d029deacc3583435c2ed6",
        "type": "github"
      },
      "original": {
        "owner": "numtide",
        "repo": "flake-utils",
        "type": "github"
      }
    },
    "nixpkgs": {
      "locked": {
        "lastModified": 1679758375,
        "narHash": "sha256-q4ljS5GxrZb3L4dvRrJmJBcYWSbqpoi7j3YTUK7IHK0=",
        "owner": "nixos",
        "repo": "nixpkgs",
        "rev": "dce79b3cb10bc8b1a9625a9c764512b6a27d9ad5",
        "type": "github"
      },
      "original": {
        "owner": "nixos",
        "repo": "nixpkgs",
        "type": "github"
      }
    },
    "nixpkgs_2": {
      "locked": {
        "lastModified": 1679758375,
        "narHash": "sha256-q4ljS5GxrZb3L4dvRrJmJBcYWSbqpoi7j3YTUK7IHK0=",
        "owner": "nixos",
        "repo": "nixpkgs",
        "rev": "dce79b3cb10bc8b1a9625a9c764512b6a27d9ad5",
        "type": "github"
      },
      "original": {
        "owner": "nixos",
        "repo": "nixpkgs",
        "type": "github"
      }
    },
    "root": {
      "inputs": {
        "flake-utils": "flake-utils",
        "nixpkgs": "nixpkgs",
        "rp2040": "rp2040"
      }
    },
    "rp2040": {
      "inputs": {
        "flake-utils": "flake-utils_2",
        "nixpkgs": "nixpkgs_2"
      },
      "locked": {
        "lastModified": 1679759334,
        "narHash": "sha256-yOh9tNOTCkq+SHMHWMcM/GE/sy5XJz4kJFVgSmaLIRc=",
        "owner": "paperdev-code",
        "repo": "rp2040-flake",
        "rev": "432fda9526d55efb10595468d24aa150abf7793d",
        "type": "github"
      },
      "original": {
        "owner": "paperdev-code",
        "repo": "rp2040-flake",
        "type": "github"
      }
    }
  },
  "root": "root",
  "version": 7
}
